
Microsoft Visual Studio Solution File, Format Version 12.00
# Visual Studio 2012
Project("{FAE04EC0-301F-11D3-BF4B-00C04F79EFBC}") = "WorldBank", "WorldBank\WorldBank.csproj", "{B2508912-19E4-4577-A05C-FF9B86B6E7E2}"
EndProject
Project("{FAE04EC0-301F-11D3-BF4B-00C04F79EFBC}") = "WorldBankDesktop", "WorldBankDesktop\WorldBankDesktop.csproj", "{F722665E-67AF-4FEE-95E8-9EBD58D8F3C6}"
EndProject
Global
	GlobalSection(SolutionConfigurationPlatforms) = preSolution
		Debug|Any CPU = Debug|Any CPU
		Release|Any CPU = Release|Any CPU
	EndGlobalSection
	GlobalSection(ProjectConfigurationPlatforms) = postSolution
		{B2508912-19E4-4577-A05C-FF9B86B6E7E2}.Debug|Any CPU.ActiveCfg = Debug|Any CPU
		{B2508912-19E4-4577-A05C-FF9B86B6E7E2}.Debug|Any CPU.Build.0 = Debug|Any CPU
		{B2508912-19E4-4577-A05C-FF9B86B6E7E2}.Release|Any CPU.ActiveCfg = Release|Any CPU
		{B2508912-19E4-4577-A05C-FF9B86B6E7E2}.Release|Any CPU.Build.0 = Release|Any CPU
		{F722665E-67AF-4FEE-95E8-9EBD58D8F3C6}.Debug|Any CPU.ActiveCfg = Debug|Any CPU
		{F722665E-67AF-4FEE-95E8-9EBD58D8F3C6}.Debug|Any CPU.Build.0 = Debug|Any CPU
		{F722665E-67AF-4FEE-95E8-9EBD58D8F3C6}.Release|Any CPU.ActiveCfg = Release|Any CPU
		{F722665E-67AF-4FEE-95E8-9EBD58D8F3C6}.Release|Any CPU.Build.0 = Release|Any CPU
	EndGlobalSection
	GlobalSection(SolutionProperties) = preSolution
		HideSolutionNode = FALSE
	EndGlobalSection
EndGlobal
